
Microsoft Visual Studio Solution File, Format Version 12.00
# Visual Studio Version 17
VisualStudioVersion = 17.8.34511.84
MinimumVisualStudioVersion = 10.0.40219.1
Project("{FAE04EC0-301F-11D3-BF4B-00C04F79EFBC}") = "CSharp Utils", "CSharp Utils\CSharp Utils.csproj", "{13B74656-96EA-4B06-906C-FC0DF94077D1}"
EndProject
Project("{FAE04EC0-301F-11D3-BF4B-00C04F79EFBC}") = "CSharp Utils.Tests", "CSharp Utils.Tests\CSharp Utils.Tests.csproj", "{90A718A2-C632-4E7E-A10C-6064AF1BE39A}"
EndProject
Global
	GlobalSection(SolutionConfigurationPlatforms) = preSolution
		Debug|Any CPU = Debug|Any CPU
		Release|Any CPU = Release|Any CPU
	EndGlobalSection
	GlobalSection(ProjectConfigurationPlatforms) = postSolution
		{13B74656-96EA-4B06-906C-FC0DF94077D1}.Debug|Any CPU.ActiveCfg = Debug|Any CPU
		{13B74656-96EA-4B06-906C-FC0DF94077D1}.Debug|Any CPU.Build.0 = Debug|Any CPU
		{13B74656-96EA-4B06-906C-FC0DF94077D1}.Release|Any CPU.ActiveCfg = Release|Any CPU
		{13B74656-96EA-4B06-906C-FC0DF94077D1}.Release|Any CPU.Build.0 = Release|Any CPU
		{90A718A2-C632-4E7E-A10C-6064AF1BE39A}.Debug|Any CPU.ActiveCfg = Debug|Any CPU
		{90A718A2-C632-4E7E-A10C-6064AF1BE39A}.Debug|Any CPU.Build.0 = Debug|Any CPU
		{90A718A2-C632-4E7E-A10C-6064AF1BE39A}.Release|Any CPU.ActiveCfg = Release|Any CPU
		{90A718A2-C632-4E7E-A10C-6064AF1BE39A}.Release|Any CPU.Build.0 = Release|Any CPU
	EndGlobalSection
	GlobalSection(SolutionProperties) = preSolution
		HideSolutionNode = FALSE
	EndGlobalSection
	GlobalSection(ExtensibilityGlobals) = postSolution
		SolutionGuid = {B288C349-F55B-4BB0-A78C-0205C2EB6E88}
	EndGlobalSection
EndGlobal
